PODS:
  - Capacitor (6.2.0):
    - CapacitorCordova
  - CapacitorCamera (6.1.2):
    - Capacitor
  - CapacitorCommunityMedia (7.0.1):
    - Capacitor
    - SDWebImage
  - CapacitorCordova (6.2.0)
  - CapacitorFilesystem (6.0.3):
    - Capacitor
  - CapacitorPushNotifications (7.0.0):
    - Capacitor
  - CoderpradpCapacitorPluginVideoPicker (6.0.2):
    - Capacitor
  - CordovaPlugins (6.0.0):
    - CapacitorCordova
  - SDWebImage (5.20.0):
    - SDWebImage/Core (= 5.20.0)
  - SDWebImage/Core (5.20.0)

DEPENDENCIES:
  - "Capacitor (from `../../node_modules/@capacitor/ios`)"
  - "CapacitorCamera (from `../../node_modules/@capacitor/camera`)"
  - "CapacitorCommunityMedia (from `../../node_modules/@capacitor-community/media`)"
  - "CapacitorCordova (from `../../node_modules/@capacitor/ios`)"
  - "CapacitorFilesystem (from `../../node_modules/@capacitor/filesystem`)"
  - "CapacitorPushNotifications (from `../../node_modules/@capacitor/push-notifications`)"
  - "CoderpradpCapacitorPluginVideoPicker (from `../../node_modules/@coderpradp/capacitor-plugin-video-picker`)"
  - CordovaPlugins (from `../capacitor-cordova-ios-plugins`)

SPEC REPOS:
  trunk:
    - SDWebImage

EXTERNAL SOURCES:
  Capacitor:
    :path: "../../node_modules/@capacitor/ios"
  CapacitorCamera:
    :path: "../../node_modules/@capacitor/camera"
  CapacitorCommunityMedia:
    :path: "../../node_modules/@capacitor-community/media"
  CapacitorCordova:
    :path: "../../node_modules/@capacitor/ios"
  CapacitorFilesystem:
    :path: "../../node_modules/@capacitor/filesystem"
  CapacitorPushNotifications:
    :path: "../../node_modules/@capacitor/push-notifications"
  CoderpradpCapacitorPluginVideoPicker:
    :path: "../../node_modules/@coderpradp/capacitor-plugin-video-picker"
  CordovaPlugins:
    :path: "../capacitor-cordova-ios-plugins"

SPEC CHECKSUMS:
  Capacitor: 1f3c7b9802d958cd8c4eb63895fff85dff2e1eea
  CapacitorCamera: 9052bd3f464f135ba983feccd8ac1266272f0549
  CapacitorCommunityMedia: 93af2d4e36ce412f04f4f5c28d6ed8bf74ccdf66
  CapacitorCordova: b33e7f4aa4ed105dd43283acdd940964374a87d9
  CapacitorFilesystem: fa3099b3c3aa43a1b51362d0c999301ab1a9a752
  CapacitorPushNotifications: c4feed483e03825369c278f5bab75100fb3f94a0
  CoderpradpCapacitorPluginVideoPicker: a410fb1f4a36683bcd90d5729bf42765c5126d04
  CordovaPlugins: c8b823fbe83514975dff3f4811465d70b3ff3962
  SDWebImage: 73c6079366fea25fa4bb9640d5fb58f0893facd8

PODFILE CHECKSUM: 25ccf5c66248a2fab78b72a6a9594f1fa7b288bf

COCOAPODS: 1.14.2
